
Microsoft Visual Studio Solution File, Format Version 12.00
# Visual Studio 15
VisualStudioVersion = 15.0.26430.13
MinimumVisualStudioVersion = 10.0.40219.1
Project("{FAE04EC0-301F-11D3-BF4B-00C04F79EFBC}") = "ConsoleApp", "src\ConsoleApp\ConsoleApp.csproj", "{B2A51CF7-48A5-42A7-A422-8379F6EA7A1C}"
EndProject
Project("{FAE04EC0-301F-11D3-BF4B-00C04F79EFBC}") = "ConsumerDaemon", "src\ConsumerDaemon\ConsumerDaemon.csproj", "{BE984001-97E0-4010-B2F5-B94A0352C746}"
EndProject
Project("{FAE04EC0-301F-11D3-BF4B-00C04F79EFBC}") = "ClassLibrary", "src\ClassLibrary\ClassLibrary.csproj", "{0833E2BF-CBAE-4F33-AF30-86B1E17941DD}"
EndProject
Global
	GlobalSection(SolutionConfigurationPlatforms) = preSolution
		Debug|Any CPU = Debug|Any CPU
		Release|Any CPU = Release|Any CPU
	EndGlobalSection
	GlobalSection(ProjectConfigurationPlatforms) = postSolution
		{B2A51CF7-48A5-42A7-A422-8379F6EA7A1C}.Debug|Any CPU.ActiveCfg = Debug|Any CPU
		{B2A51CF7-48A5-42A7-A422-8379F6EA7A1C}.Debug|Any CPU.Build.0 = Debug|Any CPU
		{B2A51CF7-48A5-42A7-A422-8379F6EA7A1C}.Release|Any CPU.ActiveCfg = Release|Any CPU
		{B2A51CF7-48A5-42A7-A422-8379F6EA7A1C}.Release|Any CPU.Build.0 = Release|Any CPU
		{BE984001-97E0-4010-B2F5-B94A0352C746}.Debug|Any CPU.ActiveCfg = Debug|Any CPU
		{BE984001-97E0-4010-B2F5-B94A0352C746}.Debug|Any CPU.Build.0 = Debug|Any CPU
		{BE984001-97E0-4010-B2F5-B94A0352C746}.Release|Any CPU.ActiveCfg = Release|Any CPU
		{BE984001-97E0-4010-B2F5-B94A0352C746}.Release|Any CPU.Build.0 = Release|Any CPU
		{0833E2BF-CBAE-4F33-AF30-86B1E17941DD}.Debug|Any CPU.ActiveCfg = Debug|Any CPU
		{0833E2BF-CBAE-4F33-AF30-86B1E17941DD}.Debug|Any CPU.Build.0 = Debug|Any CPU
		{0833E2BF-CBAE-4F33-AF30-86B1E17941DD}.Release|Any CPU.ActiveCfg = Release|Any CPU
		{0833E2BF-CBAE-4F33-AF30-86B1E17941DD}.Release|Any CPU.Build.0 = Release|Any CPU
	EndGlobalSection
	GlobalSection(SolutionProperties) = preSolution
		HideSolutionNode = FALSE
	EndGlobalSection
EndGlobal
